
Microsoft Visual Studio Solution File, Format Version 12.00
# Visual Studio Version 17
VisualStudioVersion = 17.14.36203.30
MinimumVisualStudioVersion = 10.0.40219.1
Project("{2150E333-8FDC-42A3-9474-1A3956D46DE8}") = "tests", "tests", "{02EA681E-C7D8-13C7-8484-4AC65E1B71E8}"
EndProject
Project("{2150E333-8FDC-42A3-9474-1A3956D46DE8}") = "src", "src", "{B00545AA-1E07-4563-8E1D-054D2A0B28B1}"
EndProject
Project("{FAE04EC0-301F-11D3-BF4B-00C04F79EFBC}") = "TestAssignment.TestFileGenerator", "src\TestAssignment.TestFileGenerator\TestAssignment.TestFileGenerator.csproj", "{999FCD18-4056-D4A1-4B44-3A06064D1533}"
EndProject
Project("{FAE04EC0-301F-11D3-BF4B-00C04F79EFBC}") = "TestAssignment.TestFileGenerator.Benchmark", "tests\TestAssignment.TestFileGenerator.Benchmark\TestAssignment.TestFileGenerator.Benchmark.csproj", "{4B046C6F-90C0-3150-944E-8807710FB944}"
EndProject
Project("{FAE04EC0-301F-11D3-BF4B-00C04F79EFBC}") = "TestAssignment.TestFileGenerator.Tests", "tests\TestAssignment.TestFileGenerator.Tests\TestAssignment.TestFileGenerator.Tests.csproj", "{A3F7AF4B-215B-B02D-8DD2-B55B7448D54F}"
EndProject
Global
	GlobalSection(SolutionConfigurationPlatforms) = preSolution
		Debug|Any CPU = Debug|Any CPU
		Release|Any CPU = Release|Any CPU
	EndGlobalSection
	GlobalSection(ProjectConfigurationPlatforms) = postSolution
		{999FCD18-4056-D4A1-4B44-3A06064D1533}.Debug|Any CPU.ActiveCfg = Debug|Any CPU
		{999FCD18-4056-D4A1-4B44-3A06064D1533}.Debug|Any CPU.Build.0 = Debug|Any CPU
		{999FCD18-4056-D4A1-4B44-3A06064D1533}.Release|Any CPU.ActiveCfg = Release|Any CPU
		{999FCD18-4056-D4A1-4B44-3A06064D1533}.Release|Any CPU.Build.0 = Release|Any CPU
		{4B046C6F-90C0-3150-944E-8807710FB944}.Debug|Any CPU.ActiveCfg = Debug|Any CPU
		{4B046C6F-90C0-3150-944E-8807710FB944}.Debug|Any CPU.Build.0 = Debug|Any CPU
		{4B046C6F-90C0-3150-944E-8807710FB944}.Release|Any CPU.ActiveCfg = Release|Any CPU
		{4B046C6F-90C0-3150-944E-8807710FB944}.Release|Any CPU.Build.0 = Release|Any CPU
		{A3F7AF4B-215B-B02D-8DD2-B55B7448D54F}.Debug|Any CPU.ActiveCfg = Debug|Any CPU
		{A3F7AF4B-215B-B02D-8DD2-B55B7448D54F}.Debug|Any CPU.Build.0 = Debug|Any CPU
		{A3F7AF4B-215B-B02D-8DD2-B55B7448D54F}.Release|Any CPU.ActiveCfg = Release|Any CPU
		{A3F7AF4B-215B-B02D-8DD2-B55B7448D54F}.Release|Any CPU.Build.0 = Release|Any CPU
	EndGlobalSection
	GlobalSection(SolutionProperties) = preSolution
		HideSolutionNode = FALSE
	EndGlobalSection
	GlobalSection(NestedProjects) = preSolution
		{999FCD18-4056-D4A1-4B44-3A06064D1533} = {B00545AA-1E07-4563-8E1D-054D2A0B28B1}
		{4B046C6F-90C0-3150-944E-8807710FB944} = {02EA681E-C7D8-13C7-8484-4AC65E1B71E8}
		{A3F7AF4B-215B-B02D-8DD2-B55B7448D54F} = {02EA681E-C7D8-13C7-8484-4AC65E1B71E8}
	EndGlobalSection
	GlobalSection(ExtensibilityGlobals) = postSolution
		SolutionGuid = {F594F163-BADA-4A80-8A53-295A2676CCB6}
	EndGlobalSection
EndGlobal
